// !$*UTF8*$!
{
	archiveVersion = 1;
	classes = {
	};
	objectVersion = 46;
	objects = {

/* Begin PBXBuildFile section */
		188ACAA4148BC34200E1CAB2 /* Foundation.framework in Frameworks */ = {isa = PBXBuildFile; fileRef = 188ACAA3148BC34200E1CAB2 /* Foundation.framework */; };
		188ACAA7148BC34200E1CAB2 /* main.m in Sources */ = {isa = PBXBuildFile; fileRef = 188ACAA6148BC34200E1CAB2 /* main.m */; };
		188ACAD8148BD32C00E1CAB2 /* CSVWriter.m in Sources */ = {isa = PBXBuildFile; fileRef = 188ACAD7148BD32C00E1CAB2 /* CSVWriter.m */; };
/* End PBXBuildFile section */

/* Begin PBXCopyFilesBuildPhase section */
		188ACA9D148BC34200E1CAB2 /* CopyFiles */ = {
			isa = PBXCopyFilesBuildPhase;
			buildActionMask = 2147483647;
			dstPath = /usr/share/man/man1/;
			dstSubfolderSpec = 0;
			files = (
			);
			runOnlyForDeploymentPostprocessing = 1;
		};
/* End PBXCopyFilesBuildPhase section */

/* Begin PBXFileReference section */
		188ACA9F148BC34200E1CAB2 /* CSVWriter */ = {isa = PBXFileReference; explicitFileType = "compiled.mach-o.executable"; includeInIndex = 0; path = CSVWriter; sourceTree = BUILT_PRODUCTS_DIR; };
		188ACAA3148BC34200E1CAB2 /* Foundation.framework */ = {isa = PBXFileReference; lastKnownFileType = wrapper.framework; name = Foundation.framework; path = System/Library/Frameworks/Foundation.framework; sourceTree = SDKROOT; };
		188ACAA6148BC34200E1CAB2 /* main.m */ = {isa = PBXFileReference; lastKnownFileType = sourcecode.c.objc; path = main.m; sourceTree = "<group>"; };
		188ACAA9148BC34200E1CAB2 /* CSVWriter-Prefix.pch */ = {isa = PBXFileReference; lastKnownFileType = sourcecode.c.h; path = "CSVWriter-Prefix.pch"; sourceTree = "<group>"; };
		188ACAD6148BD32C00E1CAB2 /* CSVWriter.h */ = {isa = PBXFileReference; fileEncoding = 4; lastKnownFileType = sourcecode.c.h; path = CSVWriter.h; sourceTree = "<group>"; };
		188ACAD7148BD32C00E1CAB2 /* CSVWriter.m */ = {isa = PBXFileReference; fileEncoding = 4; lastKnownFileType = sourcecode.c.objc; path = CSVWriter.m; sourceTree = "<group>"; };
/* End PBXFileReference section */

/* Begin PBXFrameworksBuildPhase section */
		188ACA9C148BC34200E1CAB2 /* Frameworks */ = {
			isa = PBXFrameworksBuildPhase;
			buildActionMask = 2147483647;
			files = (
				188ACAA4148BC34200E1CAB2 /* Foundation.framework in Frameworks */,
			);
			runOnlyForDeploymentPostprocessing = 0;
		};
/* End PBXFrameworksBuildPhase section */

/* Begin PBXGroup section */
		188ACA94148BC34100E1CAB2 = {
			isa = PBXGroup;
			children = (
				188ACAA5148BC34200E1CAB2 /* CSVWriter */,
				188ACAA2148BC34200E1CAB2 /* Frameworks */,
				188ACAA0148BC34200E1CAB2 /* Products */,
			);
			sourceTree = "<group>";
		};
		188ACAA0148BC34200E1CAB2 /* Products */ = {
			isa = PBXGroup;
			children = (
				188ACA9F148BC34200E1CAB2 /* CSVWriter */,
			);
			name = Products;
			sourceTree = "<group>";
		};
		188ACAA2148BC34200E1CAB2 /* Frameworks */ = {
			isa = PBXGroup;
			children = (
				188ACAA3148BC34200E1CAB2 /* Foundation.framework */,
			);
			name = Frameworks;
			sourceTree = "<group>";
		};
		188ACAA5148BC34200E1CAB2 /* CSVWriter */ = {
			isa = PBXGroup;
			children = (
				188ACAA9148BC34200E1CAB2 /* CSVWriter-Prefix.pch */,
				188ACAA6148BC34200E1CAB2 /* main.m */,
				188ACAD6148BD32C00E1CAB2 /* CSVWriter.h */,
				188ACAD7148BD32C00E1CAB2 /* CSVWriter.m */,
			);
			path = CSVWriter;
			sourceTree = "<group>";
		};
/* End PBXGroup section */

/* Begin PBXNativeTarget section */
		188ACA9E148BC34200E1CAB2 /* CSVWriter */ = {
			isa = PBXNativeTarget;
			buildConfigurationList = 188ACAAE148BC34200E1CAB2 /* Build configuration list for PBXNativeTarget "CSVWriter" */;
			buildPhases = (
				188ACA9B148BC34200E1CAB2 /* Sources */,
				188ACA9C148BC34200E1CAB2 /* Frameworks */,
				188ACA9D148BC34200E1CAB2 /* CopyFiles */,
			);
			buildRules = (
			);
			dependencies = (
			);
			name = CSVWriter;
			productName = CSVWriter;
			productReference = 188ACA9F148BC34200E1CAB2 /* CSVWriter */;
			productType = "com.apple.product-type.tool";
		};
/* End PBXNativeTarget section */

/* Begin PBXProject section */
		188ACA96148BC34100E1CAB2 /* Project object */ = {
			isa = PBXProject;
			attributes = {
				LastUpgradeCheck = 0420;
			};
			buildConfigurationList = 188ACA99148BC34100E1CAB2 /* Build configuration list for PBXProject "CSVWriter" */;
			compatibilityVersion = "Xcode 3.2";
			developmentRegion = English;
			hasScannedForEncodings = 0;
			knownRegions = (
				en,
			);
			mainGroup = 188ACA94148BC34100E1CAB2;
			productRefGroup = 188ACAA0148BC34200E1CAB2 /* Products */;
			projectDirPath = "";
			projectRoot = "";
			targets = (
				188ACA9E148BC34200E1CAB2 /* CSVWriter */,
			);
		};
/* End PBXProject section */

/* Begin PBXSourcesBuildPhase section */
		188ACA9B148BC34200E1CAB2 /* Sources */ = {
			isa = PBXSourcesBuildPhase;
			buildActionMask = 2147483647;
			files = (
				188ACAA7148BC34200E1CAB2 /* main.m in Sources */,
				188ACAD8148BD32C00E1CAB2 /* CSVWriter.m in Sources */,
			);
			runOnlyForDeploymentPostprocessing = 0;
		};
/* End PBXSourcesBuildPhase section */

/* Begin XCBuildConfiguration section */
		188ACAAC148BC34200E1CAB2 /* Debug */ = {
			isa = XCBuildConfiguration;
			buildSettings = {
				ALWAYS_SEARCH_USER_PATHS = NO;
				ARCHS = "$(ARCHS_STANDARD_64_BIT)";
				CLANG_ENABLE_OBJC_ARC = YES;
				COPY_PHASE_STRIP = NO;
				GCC_C_LANGUAGE_STANDARD = gnu99;
				GCC_DYNAMIC_NO_PIC = NO;
				GCC_ENABLE_OBJC_EXCEPTIONS = YES;
				GCC_OPTIMIZATION_LEVEL = 0;
				GCC_PREPROCESSOR_DEFINITIONS = (
					"DEBUG=1",
					"$(inherited)",
				);
				GCC_SYMBOLS_PRIVATE_EXTERN = NO;
				GCC_VERSION = com.apple.compilers.llvm.clang.1_0;
				GCC_WARN_64_TO_32_BIT_CONVERSION = YES;
				GCC_WARN_ABOUT_MISSING_PROTOTYPES = YES;
				GCC_WARN_ABOUT_RETURN_TYPE = YES;
				GCC_WARN_UNUSED_VARIABLE = YES;
				MACOSX_DEPLOYMENT_TARGET = 10.7;
				ONLY_ACTIVE_ARCH = YES;
				SDKROOT = macosx;
			};
			name = Debug;
		};
		188ACAAD148BC34200E1CAB2 /* Release */ = {
			isa = XCBuildConfiguration;
			buildSettings = {
				ALWAYS_SEARCH_USER_PATHS = NO;
				ARCHS = "$(ARCHS_STANDARD_64_BIT)";
				CLANG_ENABLE_OBJC_ARC = YES;
				COPY_PHASE_STRIP = YES;
				DEBUG_INFORMATION_FORMAT = "dwarf-with-dsym";
				GCC_C_LANGUAGE_STANDARD = gnu99;
				GCC_ENABLE_OBJC_EXCEPTIONS = YES;
				GCC_VERSION = com.apple.compilers.llvm.clang.1_0;
				GCC_WARN_64_TO_32_BIT_CONVERSION = YES;
				GCC_WARN_ABOUT_MISSING_PROTOTYPES = YES;
				GCC_WARN_ABOUT_RETURN_TYPE = YES;
				GCC_WARN_UNUSED_VARIABLE = YES;
				MACOSX_DEPLOYMENT_TARGET = 10.7;
				SDKROOT = macosx;
			};
			name = Release;
		};
		188ACAAF148BC34200E1CAB2 /* Debug */ = {
			isa = XCBuildConfiguration;
			buildSettings = {
				GCC_PRECOMPILE_PREFIX_HEADER = YES;
				GCC_PREFIX_HEADER = "CSVWriter/CSVWriter-Prefix.pch";
				PRODUCT_NAME = "$(TARGET_NAME)";
			};
			name = Debug;
		};
		188ACAB0148BC34200E1CAB2 /* Release */ = {
			isa = XCBuildConfiguration;
			buildSettings = {
				GCC_PRECOMPILE_PREFIX_HEADER = YES;
				GCC_PREFIX_HEADER = "CSVWriter/CSVWriter-Prefix.pch";
				PRODUCT_NAME = "$(TARGET_NAME)";
			};
			name = Release;
		};
/* End XCBuildConfiguration section */

/* Begin XCConfigurationList section */
		188ACA99148BC34100E1CAB2 /* Build configuration list for PBXProject "CSVWriter" */ = {
			isa = XCConfigurationList;
			buildConfigurations = (
				188ACAAC148BC34200E1CAB2 /* Debug */,
				188ACAAD148BC34200E1CAB2 /* Release */,
			);
			defaultConfigurationIsVisible = 0;
			defaultConfigurationName = Release;
		};
		188ACAAE148BC34200E1CAB2 /* Build configuration list for PBXNativeTarget "CSVWriter" */ = {
			isa = XCConfigurationList;
			buildConfigurations = (
				188ACAAF148BC34200E1CAB2 /* Debug */,
				188ACAB0148BC34200E1CAB2 /* Release */,
			);
			defaultConfigurationIsVisible = 0;
			defaultConfigurationName = Release;
		};
/* End XCConfigurationList section */
	};
	rootObject = 188ACA96148BC34100E1CAB2 /* Project object */;
}
